<?xml version="1.0" encoding="utf-8"?>
<Project ToolsVersion="4.0" xmlns="http://schemas.microsoft.com/developer/msbuild/2003">
  <ItemGroup>
    <ClCompile Include="MAIN.cpp" />
    <ClCompile Include="Fps.cpp">
      <Filter>Common</Filter>
    </ClCompile>
    <ClCompile Include="Text.cpp">
      <Filter>Common</Filter>
    </ClCompile>
    <ClCompile Include="Light.cpp">
      <Filter>Light</Filter>
    </ClCompile>
    <ClCompile Include="MathDx11.cpp">
      <Filter>Common</Filter>
    </ClCompile>
    <ClCompile Include="Pixel3D.cpp">
      <Filter>Function</Filter>
    </ClCompile>
    <ClCompile Include="Line3D.cpp">
      <Filter>Function</Filter>
    </ClCompile>
    <ClCompile Include="FireSpark.cpp">
      <Filter>Effect</Filter>
    </ClCompile>
    <ClCompile Include="PointSprite3D.cpp">
      <Filter>Function</Filter>
    </ClCompile>
    <ClCompile Include="TestObj.cpp">
      <Filter>Test</Filter>
    </ClCompile>
    <ClCompile Include="TestPolygon.cpp">
      <Filter>Test</Filter>
    </ClCompile>
    <ClCompile Include="Camera.cpp">
      <Filter>Camera</Filter>
    </ClCompile>
    <ClCompile Include="KeyManager.cpp" />
    <ClCompile Include="SphereMap.cpp">
      <Filter>SphereMap</Filter>
    </ClCompile>
  </ItemGroup>
  <ItemGroup>
    <ClInclude Include="Framework.h" />
    <ClInclude Include="MAIN.h" />
    <ClInclude Include="Common.h">
      <Filter>Common</Filter>
    </ClInclude>
    <ClInclude Include="Fps.h">
      <Filter>Common</Filter>
    </ClInclude>
    <ClInclude Include="Text.h">
      <Filter>Common</Filter>
    </ClInclude>
    <ClInclude Include="Light.h">
      <Filter>Light</Filter>
    </ClInclude>
    <ClInclude Include="MathDx11.h">
      <Filter>Common</Filter>
    </ClInclude>
    <ClInclude Include="Pixel3D.h">
      <Filter>Function</Filter>
    </ClInclude>
    <ClInclude Include="Line3D.h">
      <Filter>Function</Filter>
    </ClInclude>
    <ClInclude Include="FireSpark.h">
      <Filter>Effect</Filter>
    </ClInclude>
    <ClInclude Include="PointSprite3D.h">
      <Filter>Function</Filter>
    </ClInclude>
    <ClInclude Include="TestObj.h">
      <Filter>Test</Filter>
    </ClInclude>
    <ClInclude Include="TestPolygon.h">
      <Filter>Test</Filter>
    </ClInclude>
    <ClInclude Include="Camera.h">
      <Filter>Camera</Filter>
    </ClInclude>
    <ClInclude Include="KeyManager.h" />
    <ClInclude Include="Singleton.h">
      <Filter>Singleton</Filter>
    </ClInclude>
    <ClInclude Include="EnumItr.h" />
    <ClInclude Include="SphereMap.h">
      <Filter>SphereMap</Filter>
    </ClInclude>
  </ItemGroup>
  <ItemGroup>
    <None Include="packages.config" />
  </ItemGroup>
  <ItemGroup>
    <Filter Include="Common">
      <UniqueIdentifier>{1267d535-840e-46bb-8431-04e7170c7fa9}</UniqueIdentifier>
    </Filter>
    <Filter Include="Light">
      <UniqueIdentifier>{8529d28b-9eef-4f06-be7f-6a617a70d34d}</UniqueIdentifier>
    </Filter>
    <Filter Include="Function">
      <UniqueIdentifier>{6f73f6b0-d3a5-488b-aa81-51891dde9383}</UniqueIdentifier>
    </Filter>
    <Filter Include="Effect">
      <UniqueIdentifier>{9d043f9d-b910-4d18-97fb-d16e281cea67}</UniqueIdentifier>
    </Filter>
    <Filter Include="Test">
      <UniqueIdentifier>{7fad5f92-8f23-4d97-9820-19afa7611ad4}</UniqueIdentifier>
    </Filter>
    <Filter Include="Camera">
      <UniqueIdentifier>{c15b7e34-09ab-4d64-94e5-a4151494f1df}</UniqueIdentifier>
    </Filter>
    <Filter Include="Singleton">
      <UniqueIdentifier>{c455048d-673a-484b-a03d-f68b2c75d1d8}</UniqueIdentifier>
    </Filter>
    <Filter Include="SphereMap">
      <UniqueIdentifier>{fca79c18-bc9a-4b7e-aaa3-149a921e2b9d}</UniqueIdentifier>
    </Filter>
  </ItemGroup>
</Project>